
Microsoft Visual Studio Solution File, Format Version 12.00
# Visual Studio Express 2012 for Windows Phone
Project("{FAE04EC0-301F-11D3-BF4B-00C04F79EFBC}") = "NakamNakam", "nakam2\NakamNakam.csproj", "{5C5F85C2-78D6-4FB1-8778-817A8C356902}"
EndProject
Global
	GlobalSection(SolutionConfigurationPlatforms) = preSolution
		Debug|Any CPU = Debug|Any CPU
		Release|Any CPU = Release|Any CPU
	EndGlobalSection
	GlobalSection(ProjectConfigurationPlatforms) = postSolution
		{5C5F85C2-78D6-4FB1-8778-817A8C356902}.Debug|Any CPU.ActiveCfg = Debug|Any CPU
		{5C5F85C2-78D6-4FB1-8778-817A8C356902}.Debug|Any CPU.Build.0 = Debug|Any CPU
		{5C5F85C2-78D6-4FB1-8778-817A8C356902}.Debug|Any CPU.Deploy.0 = Debug|Any CPU
		{5C5F85C2-78D6-4FB1-8778-817A8C356902}.Release|Any CPU.ActiveCfg = Release|Any CPU
		{5C5F85C2-78D6-4FB1-8778-817A8C356902}.Release|Any CPU.Build.0 = Release|Any CPU
		{5C5F85C2-78D6-4FB1-8778-817A8C356902}.Release|Any CPU.Deploy.0 = Release|Any CPU
	EndGlobalSection
	GlobalSection(SolutionProperties) = preSolution
		HideSolutionNode = FALSE
	EndGlobalSection
EndGlobal
